
Microsoft Visual Studio Solution File, Format Version 12.00
# Visual Studio Version 16
VisualStudioVersion = 16.0.28809.33
MinimumVisualStudioVersion = 10.0.40219.1
Project("{FAE04EC0-301F-11D3-BF4B-00C04F79EFBC}") = "Base_mvc", "Base_mvc\Base_mvc.csproj", "{322CA852-7F77-4B4B-B86D-2C586BF24C1D}"
EndProject
Global
	GlobalSection(SolutionConfigurationPlatforms) = preSolution
		Debug|Any CPU = Debug|Any CPU
		Release|Any CPU = Release|Any CPU
	EndGlobalSection
	GlobalSection(ProjectConfigurationPlatforms) = postSolution
		{322CA852-7F77-4B4B-B86D-2C586BF24C1D}.Debug|Any CPU.ActiveCfg = Debug|Any CPU
		{322CA852-7F77-4B4B-B86D-2C586BF24C1D}.Debug|Any CPU.Build.0 = Debug|Any CPU
		{322CA852-7F77-4B4B-B86D-2C586BF24C1D}.Release|Any CPU.ActiveCfg = Release|Any CPU
		{322CA852-7F77-4B4B-B86D-2C586BF24C1D}.Release|Any CPU.Build.0 = Release|Any CPU
	EndGlobalSection
	GlobalSection(SolutionProperties) = preSolution
		HideSolutionNode = FALSE
	EndGlobalSection
	GlobalSection(ExtensibilityGlobals) = postSolution
		SolutionGuid = {FF71686D-7954-461F-B108-3D642679A64C}
	EndGlobalSection
EndGlobal
